// !$*UTF8*$!
{
	archiveVersion = 1;
	classes = {
	};
	objectVersion = 77;
	objects = {

/* Begin PBXContainerItemProxy section */
		06AE56A72CA1AA8E000F32CA /* PBXContainerItemProxy */ = {
			isa = PBXContainerItemProxy;
			containerPortal = 06AE56882CA1AA89000F32CA /* Project object */;
			proxyType = 1;
			remoteGlobalIDString = 06AE568F2CA1AA89000F32CA;
			remoteInfo = GecisCalismasi;
		};
		06AE56B12CA1AA8E000F32CA /* PBXContainerItemProxy */ = {
			isa = PBXContainerItemProxy;
			containerPortal = 06AE56882CA1AA89000F32CA /* Project object */;
			proxyType = 1;
			remoteGlobalIDString = 06AE568F2CA1AA89000F32CA;
			remoteInfo = GecisCalismasi;
		};
/* End PBXContainerItemProxy section */

/* Begin PBXFileReference section */
		06AE56902CA1AA89000F32CA /* GecisCalismasi.app */ = {isa = PBXFileReference; explicitFileType = wrapper.application; includeInIndex = 0; path = GecisCalismasi.app; sourceTree = BUILT_PRODUCTS_DIR; };
		06AE56A62CA1AA8E000F32CA /* GecisCalismasiTests.xctest */ = {isa = PBXFileReference; explicitFileType = wrapper.cfbundle; includeInIndex = 0; path = GecisCalismasiTests.xctest; sourceTree = BUILT_PRODUCTS_DIR; };
		06AE56B02CA1AA8E000F32CA /* GecisCalismasiUITests.xctest */ = {isa = PBXFileReference; explicitFileType = wrapper.cfbundle; includeInIndex = 0; path = GecisCalismasiUITests.xctest; sourceTree = BUILT_PRODUCTS_DIR; };
/* End PBXFileReference section */

/* Begin PBXFileSystemSynchronizedBuildFileExceptionSet section */
		06AE56B82CA1AA8E000F32CA /* Exceptions for "GecisCalismasi" folder in "GecisCalismasi" target */ = {
			isa = PBXFileSystemSynchronizedBuildFileExceptionSet;
			membershipExceptions = (
				Info.plist,
			);
			target = 06AE568F2CA1AA89000F32CA /* GecisCalismasi */;
		};
/* End PBXFileSystemSynchronizedBuildFileExceptionSet section */

/* Begin PBXFileSystemSynchronizedRootGroup section */
		06AE56922CA1AA89000F32CA /* GecisCalismasi */ = {
			isa = PBXFileSystemSynchronizedRootGroup;
			exceptions = (
				06AE56B82CA1AA8E000F32CA /* Exceptions for "GecisCalismasi" folder in "GecisCalismasi" target */,
			);
			path = GecisCalismasi;
			sourceTree = "<group>";
		};
		06AE56A92CA1AA8E000F32CA /* GecisCalismasiTests */ = {
			isa = PBXFileSystemSynchronizedRootGroup;
			path = GecisCalismasiTests;
			sourceTree = "<group>";
		};
		06AE56B32CA1AA8E000F32CA /* GecisCalismasiUITests */ = {
			isa = PBXFileSystemSynchronizedRootGroup;
			path = GecisCalismasiUITests;
			sourceTree = "<group>";
		};
/* End PBXFileSystemSynchronizedRootGroup section */

/* Begin PBXFrameworksBuildPhase section */
		06AE568D2CA1AA89000F32CA /* Frameworks */ = {
			isa = PBXFrameworksBuildPhase;
			buildActionMask = 2147483647;
			files = (
			);
			runOnlyForDeploymentPostprocessing = 0;
		};
		06AE56A32CA1AA8E000F32CA /* Frameworks */ = {
			isa = PBXFrameworksBuildPhase;
			buildActionMask = 2147483647;
			files = (
			);
			runOnlyForDeploymentPostprocessing = 0;
		};
		06AE56AD2CA1AA8E000F32CA /* Frameworks */ = {
			isa = PBXFrameworksBuildPhase;
			buildActionMask = 2147483647;
			files = (
			);
			runOnlyForDeploymentPostprocessing = 0;
		};
/* End PBXFrameworksBuildPhase section */

/* Begin PBXGroup section */
		06AE56872CA1AA89000F32CA = {
			isa = PBXGroup;
			children = (
				06AE56922CA1AA89000F32CA /* GecisCalismasi */,
				06AE56A92CA1AA8E000F32CA /* GecisCalismasiTests */,
				06AE56B32CA1AA8E000F32CA /* GecisCalismasiUITests */,
				06AE56912CA1AA89000F32CA /* Products */,
			);
			sourceTree = "<group>";
		};
		06AE56912CA1AA89000F32CA /* Products */ = {
			isa = PBXGroup;
			children = (
				06AE56902CA1AA89000F32CA /* GecisCalismasi.app */,
				06AE56A62CA1AA8E000F32CA /* GecisCalismasiTests.xctest */,
				06AE56B02CA1AA8E000F32CA /* GecisCalismasiUITests.xctest */,
			);
			name = Products;
			sourceTree = "<group>";
		};
/* End PBXGroup section */

/* Begin PBXNativeTarget section */
		06AE568F2CA1AA89000F32CA /* GecisCalismasi */ = {
			isa = PBXNativeTarget;
			buildConfigurationList = 06AE56B92CA1AA8E000F32CA /* Build configuration list for PBXNativeTarget "GecisCalismasi" */;
			buildPhases = (
				06AE568C2CA1AA89000F32CA /* Sources */,
				06AE568D2CA1AA89000F32CA /* Frameworks */,
				06AE568E2CA1AA89000F32CA /* Resources */,
			);
			buildRules = (
			);
			dependencies = (
			);
			fileSystemSynchronizedGroups = (
				06AE56922CA1AA89000F32CA /* GecisCalismasi */,
			);
			name = GecisCalismasi;
			packageProductDependencies = (
			);
			productName = GecisCalismasi;
			productReference = 06AE56902CA1AA89000F32CA /* GecisCalismasi.app */;
			productType = "com.apple.product-type.application";
		};
		06AE56A52CA1AA8E000F32CA /* GecisCalismasiTests */ = {
			isa = PBXNativeTarget;
			buildConfigurationList = 06AE56BE2CA1AA8E000F32CA /* Build configuration list for PBXNativeTarget "GecisCalismasiTests" */;
			buildPhases = (
				06AE56A22CA1AA8E000F32CA /* Sources */,
				06AE56A32CA1AA8E000F32CA /* Frameworks */,
				06AE56A42CA1AA8E000F32CA /* Resources */,
			);
			buildRules = (
			);
			dependencies = (
				06AE56A82CA1AA8E000F32CA /* PBXTargetDependency */,
			);
			fileSystemSynchronizedGroups = (
				06AE56A92CA1AA8E000F32CA /* GecisCalismasiTests */,
			);
			name = GecisCalismasiTests;
			packageProductDependencies = (
			);
			productName = GecisCalismasiTests;
			productReference = 06AE56A62CA1AA8E000F32CA /* GecisCalismasiTests.xctest */;
			productType = "com.apple.product-type.bundle.unit-test";
		};
		06AE56AF2CA1AA8E000F32CA /* GecisCalismasiUITests */ = {
			isa = PBXNativeTarget;
			buildConfigurationList = 06AE56C12CA1AA8E000F32CA /* Build configuration list for PBXNativeTarget "GecisCalismasiUITests" */;
			buildPhases = (
				06AE56AC2CA1AA8E000F32CA /* Sources */,
				06AE56AD2CA1AA8E000F32CA /* Frameworks */,
				06AE56AE2CA1AA8E000F32CA /* Resources */,
			);
			buildRules = (
			);
			dependencies = (
				06AE56B22CA1AA8E000F32CA /* PBXTargetDependency */,
			);
			fileSystemSynchronizedGroups = (
				06AE56B32CA1AA8E000F32CA /* GecisCalismasiUITests */,
			);
			name = GecisCalismasiUITests;
			packageProductDependencies = (
			);
			productName = GecisCalismasiUITests;
			productReference = 06AE56B02CA1AA8E000F32CA /* GecisCalismasiUITests.xctest */;
			productType = "com.apple.product-type.bundle.ui-testing";
		};
/* End PBXNativeTarget section */

/* Begin PBXProject section */
		06AE56882CA1AA89000F32CA /* Project object */ = {
			isa = PBXProject;
			attributes = {
				BuildIndependentTargetsInParallel = 1;
				LastSwiftUpdateCheck = 1600;
				LastUpgradeCheck = 1600;
				TargetAttributes = {
					06AE568F2CA1AA89000F32CA = {
						CreatedOnToolsVersion = 16.0;
					};
					06AE56A52CA1AA8E000F32CA = {
						CreatedOnToolsVersion = 16.0;
						TestTargetID = 06AE568F2CA1AA89000F32CA;
					};
					06AE56AF2CA1AA8E000F32CA = {
						CreatedOnToolsVersion = 16.0;
						TestTargetID = 06AE568F2CA1AA89000F32CA;
					};
				};
			};
			buildConfigurationList = 06AE568B2CA1AA89000F32CA /* Build configuration list for PBXProject "GecisCalismasi" */;
			developmentRegion = en;
			hasScannedForEncodings = 0;
			knownRegions = (
				en,
				Base,
			);
			mainGroup = 06AE56872CA1AA89000F32CA;
			minimizedProjectReferenceProxies = 1;
			preferredProjectObjectVersion = 77;
			productRefGroup = 06AE56912CA1AA89000F32CA /* Products */;
			projectDirPath = "";
			projectRoot = "";
			targets = (
				06AE568F2CA1AA89000F32CA /* GecisCalismasi */,
				06AE56A52CA1AA8E000F32CA /* GecisCalismasiTests */,
				06AE56AF2CA1AA8E000F32CA /* GecisCalismasiUITests */,
			);
		};
/* End PBXProject section */

/* Begin PBXResourcesBuildPhase section */
		06AE568E2CA1AA89000F32CA /* Resources */ = {
			isa = PBXResourcesBuildPhase;
			buildActionMask = 2147483647;
			files = (
			);
			runOnlyForDeploymentPostprocessing = 0;
		};
		06AE56A42CA1AA8E000F32CA /* Resources */ = {
			isa = PBXResourcesBuildPhase;
			buildActionMask = 2147483647;
			files = (
			);
			runOnlyForDeploymentPostprocessing = 0;
		};
		06AE56AE2CA1AA8E000F32CA /* Resources */ = {
			isa = PBXResourcesBuildPhase;
			buildActionMask = 2147483647;
			files = (
			);
			runOnlyForDeploymentPostprocessing = 0;
		};
/* End PBXResourcesBuildPhase section */

/* Begin PBXSourcesBuildPhase section */
		06AE568C2CA1AA89000F32CA /* Sources */ = {
			isa = PBXSourcesBuildPhase;
			buildActionMask = 2147483647;
			files = (
			);
			runOnlyForDeploymentPostprocessing = 0;
		};
		06AE56A22CA1AA8E000F32CA /* Sources */ = {
			isa = PBXSourcesBuildPhase;
			buildActionMask = 2147483647;
			files = (
			);
			runOnlyForDeploymentPostprocessing = 0;
		};
		06AE56AC2CA1AA8E000F32CA /* Sources */ = {
			isa = PBXSourcesBuildPhase;
			buildActionMask = 2147483647;
			files = (
			);
			runOnlyForDeploymentPostprocessing = 0;
		};
/* End PBXSourcesBuildPhase section */

/* Begin PBXTargetDependency section */
		06AE56A82CA1AA8E000F32CA /* PBXTargetDependency */ = {
			isa = PBXTargetDependency;
			target = 06AE568F2CA1AA89000F32CA /* GecisCalismasi */;
			targetProxy = 06AE56A72CA1AA8E000F32CA /* PBXContainerItemProxy */;
		};
		06AE56B22CA1AA8E000F32CA /* PBXTargetDependency */ = {
			isa = PBXTargetDependency;
			target = 06AE568F2CA1AA89000F32CA /* GecisCalismasi */;
			targetProxy = 06AE56B12CA1AA8E000F32CA /* PBXContainerItemProxy */;
		};
/* End PBXTargetDependency section */

/* Begin XCBuildConfiguration section */
		06AE56BA2CA1AA8E000F32CA /* Debug */ = {
			isa = XCBuildConfiguration;
			buildSettings = {
				ASSETCATALOG_COMPILER_APPICON_NAME = AppIcon;
				ASSETCATALOG_COMPILER_GLOBAL_ACCENT_COLOR_NAME = AccentColor;
				CODE_SIGN_STYLE = Automatic;
				CURRENT_PROJECT_VERSION = 1;
				DEVELOPMENT_TEAM = HZ4MGAG87D;
				GENERATE_INFOPLIST_FILE = YES;
				INFOPLIST_FILE = GecisCalismasi/Info.plist;
				INFOPLIST_KEY_UIApplicationSupportsIndirectInputEvents = YES;
				INFOPLIST_KEY_UILaunchStoryboardName = LaunchScreen;
				INFOPLIST_KEY_UIMainStoryboardFile = Main;
				INFOPLIST_KEY_UISupportedInterfaceOrientations_iPad = "UIInterfaceOrientationPortrait UIInterfaceOrientationPortraitUpsideDown UIInterfaceOrientationLandscapeLeft UIInterfaceOrientationLandscapeRight";
				INFOPLIST_KEY_UISupportedInterfaceOrientations_iPhone = "UIInterfaceOrientationPortrait UIInterfaceOrientationLandscapeLeft UIInterfaceOrientationLandscapeRight";
				LD_RUNPATH_SEARCH_PATHS = (
					"$(inherited)",
					"@executable_path/Frameworks",
				);
				MARKETING_VERSION = 1.0;
				PRODUCT_BUNDLE_IDENTIFIER = bekoszn.GecisCalismasi;
				PRODUCT_NAME = "$(TARGET_NAME)";
				SWIFT_EMIT_LOC_STRINGS = YES;
				SWIFT_VERSION = 5.0;
				TARGETED_DEVICE_FAMILY = "1,2";
			};
			name = Debug;
		};
		06AE56BB2CA1AA8E000F32CA /* Release */ = {
			isa = XCBuildConfiguration;
			buildSettings = {
				ASSETCATALOG_COMPILER_APPICON_NAME = AppIcon;
				ASSETCATALOG_COMPILER_GLOBAL_ACCENT_COLOR_NAME = AccentColor;
				CODE_SIGN_STYLE = Automatic;
				CURRENT_PROJECT_VERSION = 1;
				DEVELOPMENT_TEAM = HZ4MGAG87D;
				GENERATE_INFOPLIST_FILE = YES;
				INFOPLIST_FILE = GecisCalismasi/Info.plist;
				INFOPLIST_KEY_UIApplicationSupportsIndirectInputEvents = YES;
				INFOPLIST_KEY_UILaunchStoryboardName = LaunchScreen;
				INFOPLIST_KEY_UIMainStoryboardFile = Main;
				INFOPLIST_KEY_UISupportedInterfaceOrientations_iPad = "UIInterfaceOrientationPortrait UIInterfaceOrientationPortraitUpsideDown UIInterfaceOrientationLandscapeLeft UIInterfaceOrientationLandscapeRight";
				INFOPLIST_KEY_UISupportedInterfaceOrientations_iPhone = "UIInterfaceOrientationPortrait UIInterfaceOrientationLandscapeLeft UIInterfaceOrientationLandscapeRight";
				LD_RUNPATH_SEARCH_PATHS = (
					"$(inherited)",
					"@executable_path/Frameworks",
				);
				MARKETING_VERSION = 1.0;
				PRODUCT_BUNDLE_IDENTIFIER = bekoszn.GecisCalismasi;
				PRODUCT_NAME = "$(TARGET_NAME)";
				SWIFT_EMIT_LOC_STRINGS = YES;
				SWIFT_VERSION = 5.0;
				TARGETED_DEVICE_FAMILY = "1,2";
			};
			name = Release;
		};
		06AE56BC2CA1AA8E000F32CA /* Debug */ = {
			isa = XCBuildConfiguration;
			buildSettings = {
				ALWAYS_SEARCH_USER_PATHS = NO;
				ASSETCATALOG_COMPILER_GENERATE_SWIFT_ASSET_SYMBOL_EXTENSIONS = YES;
				CLANG_ANALYZER_NONNULL = YES;
				CLANG_ANALYZER_NUMBER_OBJECT_CONVERSION = YES_AGGRESSIVE;
				CLANG_CXX_LANGUAGE_STANDARD = "gnu++20";
				CLANG_ENABLE_MODULES = YES;
				CLANG_ENABLE_OBJC_ARC = YES;
				CLANG_ENABLE_OBJC_WEAK = YES;
				CLANG_WARN_BLOCK_CAPTURE_AUTORELEASING = YES;
				CLANG_WARN_BOOL_CONVERSION = YES;
				CLANG_WARN_COMMA = YES;
				CLANG_WARN_CONSTANT_CONVERSION = YES;
				CLANG_WARN_DEPRECATED_OBJC_IMPLEMENTATIONS = YES;
				CLANG_WARN_DIRECT_OBJC_ISA_USAGE = YES_ERROR;
				CLANG_WARN_DOCUMENTATION_COMMENTS = YES;
				CLANG_WARN_EMPTY_BODY = YES;
				CLANG_WARN_ENUM_CONVERSION = YES;
				CLANG_WARN_INFINITE_RECURSION = YES;
				CLANG_WARN_INT_CONVERSION = YES;
				CLANG_WARN_NON_LITERAL_NULL_CONVERSION = YES;
				CLANG_WARN_OBJC_IMPLICIT_RETAIN_SELF = YES;
				CLANG_WARN_OBJC_LITERAL_CONVERSION = YES;
				CLANG_WARN_OBJC_ROOT_CLASS = YES_ERROR;
				CLANG_WARN_QUOTED_INCLUDE_IN_FRAMEWORK_HEADER = YES;
				CLANG_WARN_RANGE_LOOP_ANALYSIS = YES;
				CLANG_WARN_STRICT_PROTOTYPES = YES;
				CLANG_WARN_SUSPICIOUS_MOVE = YES;
				CLANG_WARN_UNGUARDED_AVAILABILITY = YES_AGGRESSIVE;
				CLANG_WARN_UNREACHABLE_CODE = YES;
				CLANG_WARN__DUPLICATE_METHOD_MATCH = YES;
				COPY_PHASE_STRIP = NO;
				DEBUG_INFORMATION_FORMAT = dwarf;
				ENABLE_STRICT_OBJC_MSGSEND = YES;
				ENABLE_TESTABILITY = YES;
				ENABLE_USER_SCRIPT_SANDBOXING = YES;
				GCC_C_LANGUAGE_STANDARD = gnu17;
				GCC_DYNAMIC_NO_PIC = NO;
				GCC_NO_COMMON_BLOCKS = YES;
				GCC_OPTIMIZATION_LEVEL = 0;
				GCC_PREPROCESSOR_DEFINITIONS = (
					"DEBUG=1",
					"$(inherited)",
				);
				GCC_WARN_64_TO_32_BIT_CONVERSION = YES;
				GCC_WARN_ABOUT_RETURN_TYPE = YES_ERROR;
				GCC_WARN_UNDECLARED_SELECTOR = YES;
				GCC_WARN_UNINITIALIZED_AUTOS = YES_AGGRESSIVE;
				GCC_WARN_UNUSED_FUNCTION = YES;
				GCC_WARN_UNUSED_VARIABLE = YES;
				IPHONEOS_DEPLOYMENT_TARGET = 18.0;
				LOCALIZATION_PREFERS_STRING_CATALOGS = YES;
				MTL_ENABLE_DEBUG_INFO = INCLUDE_SOURCE;
				MTL_FAST_MATH = YES;
				ONLY_ACTIVE_ARCH = YES;
				SDKROOT = iphoneos;
				SWIFT_ACTIVE_COMPILATION_CONDITIONS = "DEBUG $(inherited)";
				SWIFT_OPTIMIZATION_LEVEL = "-Onone";
			};
			name = Debug;
		};
		06AE56BD2CA1AA8E000F32CA /* Release */ = {
			isa = XCBuildConfiguration;
			buildSettings = {
				ALWAYS_SEARCH_USER_PATHS = NO;
				ASSETCATALOG_COMPILER_GENERATE_SWIFT_ASSET_SYMBOL_EXTENSIONS = YES;
				CLANG_ANALYZER_NONNULL = YES;
				CLANG_ANALYZER_NUMBER_OBJECT_CONVERSION = YES_AGGRESSIVE;
				CLANG_CXX_LANGUAGE_STANDARD = "gnu++20";
				CLANG_ENABLE_MODULES = YES;
				CLANG_ENABLE_OBJC_ARC = YES;
				CLANG_ENABLE_OBJC_WEAK = YES;
				CLANG_WARN_BLOCK_CAPTURE_AUTORELEASING = YES;
				CLANG_WARN_BOOL_CONVERSION = YES;
				CLANG_WARN_COMMA = YES;
				CLANG_WARN_CONSTANT_CONVERSION = YES;
				CLANG_WARN_DEPRECATED_OBJC_IMPLEMENTATIONS = YES;
				CLANG_WARN_DIRECT_OBJC_ISA_USAGE = YES_ERROR;
				CLANG_WARN_DOCUMENTATION_COMMENTS = YES;
				CLANG_WARN_EMPTY_BODY = YES;
				CLANG_WARN_ENUM_CONVERSION = YES;
				CLANG_WARN_INFINITE_RECURSION = YES;
				CLANG_WARN_INT_CONVERSION = YES;
				CLANG_WARN_NON_LITERAL_NULL_CONVERSION = YES;
				CLANG_WARN_OBJC_IMPLICIT_RETAIN_SELF = YES;
				CLANG_WARN_OBJC_LITERAL_CONVERSION = YES;
				CLANG_WARN_OBJC_ROOT_CLASS = YES_ERROR;
				CLANG_WARN_QUOTED_INCLUDE_IN_FRAMEWORK_HEADER = YES;
				CLANG_WARN_RANGE_LOOP_ANALYSIS = YES;
				CLANG_WARN_STRICT_PROTOTYPES = YES;
				CLANG_WARN_SUSPICIOUS_MOVE = YES;
				CLANG_WARN_UNGUARDED_AVAILABILITY = YES_AGGRESSIVE;
				CLANG_WARN_UNREACHABLE_CODE = YES;
				CLANG_WARN__DUPLICATE_METHOD_MATCH = YES;
				COPY_PHASE_STRIP = NO;
				DEBUG_INFORMATION_FORMAT = "dwarf-with-dsym";
				ENABLE_NS_ASSERTIONS = NO;
				ENABLE_STRICT_OBJC_MSGSEND = YES;
				ENABLE_USER_SCRIPT_SANDBOXING = YES;
				GCC_C_LANGUAGE_STANDARD = gnu17;
				GCC_NO_COMMON_BLOCKS = YES;
				GCC_WARN_64_TO_32_BIT_CONVERSION = YES;
				GCC_WARN_ABOUT_RETURN_TYPE = YES_ERROR;
				GCC_WARN_UNDECLARED_SELECTOR = YES;
				GCC_WARN_UNINITIALIZED_AUTOS = YES_AGGRESSIVE;
				GCC_WARN_UNUSED_FUNCTION = YES;
				GCC_WARN_UNUSED_VARIABLE = YES;
				IPHONEOS_DEPLOYMENT_TARGET = 18.0;
				LOCALIZATION_PREFERS_STRING_CATALOGS = YES;
				MTL_ENABLE_DEBUG_INFO = NO;
				MTL_FAST_MATH = YES;
				SDKROOT = iphoneos;
				SWIFT_COMPILATION_MODE = wholemodule;
				VALIDATE_PRODUCT = YES;
			};
			name = Release;
		};
		06AE56BF2CA1AA8E000F32CA /* Debug */ = {
			isa = XCBuildConfiguration;
			buildSettings = {
				BUNDLE_LOADER = "$(TEST_HOST)";
				CODE_SIGN_STYLE = Automatic;
				CURRENT_PROJECT_VERSION = 1;
				DEVELOPMENT_TEAM = HZ4MGAG87D;
				GENERATE_INFOPLIST_FILE = YES;
				IPHONEOS_DEPLOYMENT_TARGET = 18.0;
				MARKETING_VERSION = 1.0;
				PRODUCT_BUNDLE_IDENTIFIER = bekoszn.GecisCalismasiTests;
				PRODUCT_NAME = "$(TARGET_NAME)";
				SWIFT_EMIT_LOC_STRINGS = NO;
				SWIFT_VERSION = 5.0;
				TARGETED_DEVICE_FAMILY = "1,2";
				TEST_HOST = "$(BUILT_PRODUCTS_DIR)/GecisCalismasi.app/$(BUNDLE_EXECUTABLE_FOLDER_PATH)/GecisCalismasi";
			};
			name = Debug;
		};
		06AE56C02CA1AA8E000F32CA /* Release */ = {
			isa = XCBuildConfiguration;
			buildSettings = {
				BUNDLE_LOADER = "$(TEST_HOST)";
				CODE_SIGN_STYLE = Automatic;
				CURRENT_PROJECT_VERSION = 1;
				DEVELOPMENT_TEAM = HZ4MGAG87D;
				GENERATE_INFOPLIST_FILE = YES;
				IPHONEOS_DEPLOYMENT_TARGET = 18.0;
				MARKETING_VERSION = 1.0;
				PRODUCT_BUNDLE_IDENTIFIER = bekoszn.GecisCalismasiTests;
				PRODUCT_NAME = "$(TARGET_NAME)";
				SWIFT_EMIT_LOC_STRINGS = NO;
				SWIFT_VERSION = 5.0;
				TARGETED_DEVICE_FAMILY = "1,2";
				TEST_HOST = "$(BUILT_PRODUCTS_DIR)/GecisCalismasi.app/$(BUNDLE_EXECUTABLE_FOLDER_PATH)/GecisCalismasi";
			};
			name = Release;
		};
		06AE56C22CA1AA8E000F32CA /* Debug */ = {
			isa = XCBuildConfiguration;
			buildSettings = {
				CODE_SIGN_STYLE = Automatic;
				CURRENT_PROJECT_VERSION = 1;
				DEVELOPMENT_TEAM = HZ4MGAG87D;
				GENERATE_INFOPLIST_FILE = YES;
				MARKETING_VERSION = 1.0;
				PRODUCT_BUNDLE_IDENTIFIER = bekoszn.GecisCalismasiUITests;
				PRODUCT_NAME = "$(TARGET_NAME)";
				SWIFT_EMIT_LOC_STRINGS = NO;
				SWIFT_VERSION = 5.0;
				TARGETED_DEVICE_FAMILY = "1,2";
				TEST_TARGET_NAME = GecisCalismasi;
			};
			name = Debug;
		};
		06AE56C32CA1AA8E000F32CA /* Release */ = {
			isa = XCBuildConfiguration;
			buildSettings = {
				CODE_SIGN_STYLE = Automatic;
				CURRENT_PROJECT_VERSION = 1;
				DEVELOPMENT_TEAM = HZ4MGAG87D;
				GENERATE_INFOPLIST_FILE = YES;
				MARKETING_VERSION = 1.0;
				PRODUCT_BUNDLE_IDENTIFIER = bekoszn.GecisCalismasiUITests;
				PRODUCT_NAME = "$(TARGET_NAME)";
				SWIFT_EMIT_LOC_STRINGS = NO;
				SWIFT_VERSION = 5.0;
				TARGETED_DEVICE_FAMILY = "1,2";
				TEST_TARGET_NAME = GecisCalismasi;
			};
			name = Release;
		};
/* End XCBuildConfiguration section */

/* Begin XCConfigurationList section */
		06AE568B2CA1AA89000F32CA /* Build configuration list for PBXProject "GecisCalismasi" */ = {
			isa = XCConfigurationList;
			buildConfigurations = (
				06AE56BC2CA1AA8E000F32CA /* Debug */,
				06AE56BD2CA1AA8E000F32CA /* Release */,
			);
			defaultConfigurationIsVisible = 0;
			defaultConfigurationName = Release;
		};
		06AE56B92CA1AA8E000F32CA /* Build configuration list for PBXNativeTarget "GecisCalismasi" */ = {
			isa = XCConfigurationList;
			buildConfigurations = (
				06AE56BA2CA1AA8E000F32CA /* Debug */,
				06AE56BB2CA1AA8E000F32CA /* Release */,
			);
			defaultConfigurationIsVisible = 0;
			defaultConfigurationName = Release;
		};
		06AE56BE2CA1AA8E000F32CA /* Build configuration list for PBXNativeTarget "GecisCalismasiTests" */ = {
			isa = XCConfigurationList;
			buildConfigurations = (
				06AE56BF2CA1AA8E000F32CA /* Debug */,
				06AE56C02CA1AA8E000F32CA /* Release */,
			);
			defaultConfigurationIsVisible = 0;
			defaultConfigurationName = Release;
		};
		06AE56C12CA1AA8E000F32CA /* Build configuration list for PBXNativeTarget "GecisCalismasiUITests" */ = {
			isa = XCConfigurationList;
			buildConfigurations = (
				06AE56C22CA1AA8E000F32CA /* Debug */,
				06AE56C32CA1AA8E000F32CA /* Release */,
			);
			defaultConfigurationIsVisible = 0;
			defaultConfigurationName = Release;
		};
/* End XCConfigurationList section */
	};
	rootObject = 06AE56882CA1AA89000F32CA /* Project object */;
}
